
Microsoft Visual Studio Solution File, Format Version 12.00
# Visual Studio 15
VisualStudioVersion = 15.0.28307.1231
MinimumVisualStudioVersion = 10.0.40219.1
Project("{FAE04EC0-301F-11D3-BF4B-00C04F79EFBC}") = "PalEdit", "PalEdit.csproj", "{A0FB16EA-9719-479B-BD29-2D7761C5D13B}"
EndProject
Global
	GlobalSection(SolutionConfigurationPlatforms) = preSolution
		Debug|Any CPU = Debug|Any CPU
		Release|Any CPU = Release|Any CPU
	EndGlobalSection
	GlobalSection(ProjectConfigurationPlatforms) = postSolution
		{A0FB16EA-9719-479B-BD29-2D7761C5D13B}.Debug|Any CPU.ActiveCfg = Release|Any CPU
		{A0FB16EA-9719-479B-BD29-2D7761C5D13B}.Debug|Any CPU.Build.0 = Release|Any CPU
		{A0FB16EA-9719-479B-BD29-2D7761C5D13B}.Release|Any CPU.ActiveCfg = Release|Any CPU
		{A0FB16EA-9719-479B-BD29-2D7761C5D13B}.Release|Any CPU.Build.0 = Release|Any CPU
	EndGlobalSection
	GlobalSection(SolutionProperties) = preSolution
		HideSolutionNode = FALSE
	EndGlobalSection
	GlobalSection(ExtensibilityGlobals) = postSolution
		SolutionGuid = {7E07280B-7CE6-4FD6-AB84-F24BB80FA604}
	EndGlobalSection
EndGlobal
